
Microsoft Visual Studio Solution File, Format Version 12.00
# Visual Studio Version 17
Project("{8BC9CEB8-8B4A-11D0-8D11-00A0C91BC942}") = "ALL_BUILD", "ALL_BUILD.vcxproj", "{917CEB40-37A0-3605-B7FC-C24B2B470EFE}"
	ProjectSection(ProjectDependencies) = postProject
		{5C318204-5F7E-345D-8325-37C23664903F} = {5C318204-5F7E-345D-8325-37C23664903F}
		{964A3C6D-A193-31D4-84AD-DAF38040C2C2} = {964A3C6D-A193-31D4-84AD-DAF38040C2C2}
		{EF4EB71C-FA1C-31EA-AB5F-EC1FBB7483EA} = {EF4EB71C-FA1C-31EA-AB5F-EC1FBB7483EA}
		{A42E6B66-3702-39C5-AC63-7F16D2BABAAC} = {A42E6B66-3702-39C5-AC63-7F16D2BABAAC}
		{CE0CC1BD-D035-3224-8DF0-37C2777D9E1F} = {CE0CC1BD-D035-3224-8DF0-37C2777D9E1F}
		{CF26FD2B-1FDB-32AF-BF41-6A77E58E8EF3} = {CF26FD2B-1FDB-32AF-BF41-6A77E58E8EF3}
	EndProjectSection
EndProject
Project("{8BC9CEB8-8B4A-11D0-8D11-00A0C91BC942}") = "INSTALL", "INSTALL.vcxproj", "{519BBC60-2E8A-39D3-9216-927E691814E0}"
	ProjectSection(ProjectDependencies) = postProject
		{917CEB40-37A0-3605-B7FC-C24B2B470EFE} = {917CEB40-37A0-3605-B7FC-C24B2B470EFE}
		{5C318204-5F7E-345D-8325-37C23664903F} = {5C318204-5F7E-345D-8325-37C23664903F}
	EndProjectSection
EndProject
Project("{8BC9CEB8-8B4A-11D0-8D11-00A0C91BC942}") = "SDL2", "third_party\SDL\SDL2.vcxproj", "{17E44A2C-FEBF-3CCC-9D33-BC6E72CF370E}"
	ProjectSection(ProjectDependencies) = postProject
		{5C318204-5F7E-345D-8325-37C23664903F} = {5C318204-5F7E-345D-8325-37C23664903F}
		{C3F0AC4C-9B04-3DE1-BFFB-8928E89DDE11} = {C3F0AC4C-9B04-3DE1-BFFB-8928E89DDE11}
	EndProjectSection
EndProject
Project("{8BC9CEB8-8B4A-11D0-8D11-00A0C91BC942}") = "Shaders", "Shaders.vcxproj", "{79B98333-7F9B-318D-B04E-3EE1CBC2196E}"
	ProjectSection(ProjectDependencies) = postProject
		{5C318204-5F7E-345D-8325-37C23664903F} = {5C318204-5F7E-345D-8325-37C23664903F}
	EndProjectSection
EndProject
Project("{8BC9CEB8-8B4A-11D0-8D11-00A0C91BC942}") = "ZERO_CHECK", "ZERO_CHECK.vcxproj", "{5C318204-5F7E-345D-8325-37C23664903F}"
	ProjectSection(ProjectDependencies) = postProject
	EndProjectSection
EndProject
Project("{8BC9CEB8-8B4A-11D0-8D11-00A0C91BC942}") = "engine", "src\engine.vcxproj", "{964A3C6D-A193-31D4-84AD-DAF38040C2C2}"
	ProjectSection(ProjectDependencies) = postProject
		{17E44A2C-FEBF-3CCC-9D33-BC6E72CF370E} = {17E44A2C-FEBF-3CCC-9D33-BC6E72CF370E}
		{5C318204-5F7E-345D-8325-37C23664903F} = {5C318204-5F7E-345D-8325-37C23664903F}
		{EF4EB71C-FA1C-31EA-AB5F-EC1FBB7483EA} = {EF4EB71C-FA1C-31EA-AB5F-EC1FBB7483EA}
		{A42E6B66-3702-39C5-AC63-7F16D2BABAAC} = {A42E6B66-3702-39C5-AC63-7F16D2BABAAC}
		{F4DBB26F-EB8B-3BE4-96D9-E6F1E690B033} = {F4DBB26F-EB8B-3BE4-96D9-E6F1E690B033}
		{CE0CC1BD-D035-3224-8DF0-37C2777D9E1F} = {CE0CC1BD-D035-3224-8DF0-37C2777D9E1F}
		{CF26FD2B-1FDB-32AF-BF41-6A77E58E8EF3} = {CF26FD2B-1FDB-32AF-BF41-6A77E58E8EF3}
	EndProjectSection
EndProject
Project("{8BC9CEB8-8B4A-11D0-8D11-00A0C91BC942}") = "fastgltf", "third_party\fastgltf\fastgltf.vcxproj", "{EF4EB71C-FA1C-31EA-AB5F-EC1FBB7483EA}"
	ProjectSection(ProjectDependencies) = postProject
		{5C318204-5F7E-345D-8325-37C23664903F} = {5C318204-5F7E-345D-8325-37C23664903F}
		{A42E6B66-3702-39C5-AC63-7F16D2BABAAC} = {A42E6B66-3702-39C5-AC63-7F16D2BABAAC}
	EndProjectSection
EndProject
Project("{8BC9CEB8-8B4A-11D0-8D11-00A0C91BC942}") = "fastgltf_simdjson", "third_party\fastgltf\fastgltf_simdjson.vcxproj", "{A42E6B66-3702-39C5-AC63-7F16D2BABAAC}"
	ProjectSection(ProjectDependencies) = postProject
		{5C318204-5F7E-345D-8325-37C23664903F} = {5C318204-5F7E-345D-8325-37C23664903F}
	EndProjectSection
EndProject
Project("{8BC9CEB8-8B4A-11D0-8D11-00A0C91BC942}") = "fmt", "third_party\fmt\fmt.vcxproj", "{F4DBB26F-EB8B-3BE4-96D9-E6F1E690B033}"
	ProjectSection(ProjectDependencies) = postProject
		{5C318204-5F7E-345D-8325-37C23664903F} = {5C318204-5F7E-345D-8325-37C23664903F}
	EndProjectSection
EndProject
Project("{8BC9CEB8-8B4A-11D0-8D11-00A0C91BC942}") = "imgui", "third_party\imgui.vcxproj", "{CE0CC1BD-D035-3224-8DF0-37C2777D9E1F}"
	ProjectSection(ProjectDependencies) = postProject
		{17E44A2C-FEBF-3CCC-9D33-BC6E72CF370E} = {17E44A2C-FEBF-3CCC-9D33-BC6E72CF370E}
		{5C318204-5F7E-345D-8325-37C23664903F} = {5C318204-5F7E-345D-8325-37C23664903F}
	EndProjectSection
EndProject
Project("{8BC9CEB8-8B4A-11D0-8D11-00A0C91BC942}") = "sdl_headers_copy", "third_party\SDL\sdl_headers_copy.vcxproj", "{C3F0AC4C-9B04-3DE1-BFFB-8928E89DDE11}"
	ProjectSection(ProjectDependencies) = postProject
		{5C318204-5F7E-345D-8325-37C23664903F} = {5C318204-5F7E-345D-8325-37C23664903F}
	EndProjectSection
EndProject
Project("{8BC9CEB8-8B4A-11D0-8D11-00A0C91BC942}") = "vkbootstrap", "third_party\vkbootstrap.vcxproj", "{CF26FD2B-1FDB-32AF-BF41-6A77E58E8EF3}"
	ProjectSection(ProjectDependencies) = postProject
		{5C318204-5F7E-345D-8325-37C23664903F} = {5C318204-5F7E-345D-8325-37C23664903F}
	EndProjectSection
EndProject
Global
	GlobalSection(SolutionConfigurationPlatforms) = preSolution
		Debug|x64 = Debug|x64
		Release|x64 = Release|x64
		MinSizeRel|x64 = MinSizeRel|x64
		RelWithDebInfo|x64 = RelWithDebInfo|x64
	EndGlobalSection
	GlobalSection(ProjectConfigurationPlatforms) = postSolution
		{917CEB40-37A0-3605-B7FC-C24B2B470EFE}.Debug|x64.ActiveCfg = Debug|x64
		{917CEB40-37A0-3605-B7FC-C24B2B470EFE}.Debug|x64.Build.0 = Debug|x64
		{917CEB40-37A0-3605-B7FC-C24B2B470EFE}.Release|x64.ActiveCfg = Release|x64
		{917CEB40-37A0-3605-B7FC-C24B2B470EFE}.Release|x64.Build.0 = Release|x64
		{917CEB40-37A0-3605-B7FC-C24B2B470EFE}.MinSizeRel|x64.ActiveCfg = MinSizeRel|x64
		{917CEB40-37A0-3605-B7FC-C24B2B470EFE}.MinSizeRel|x64.Build.0 = MinSizeRel|x64
		{917CEB40-37A0-3605-B7FC-C24B2B470EFE}.RelWithDebInfo|x64.ActiveCfg = RelWithDebInfo|x64
		{917CEB40-37A0-3605-B7FC-C24B2B470EFE}.RelWithDebInfo|x64.Build.0 = RelWithDebInfo|x64
		{519BBC60-2E8A-39D3-9216-927E691814E0}.Debug|x64.ActiveCfg = Debug|x64
		{519BBC60-2E8A-39D3-9216-927E691814E0}.Release|x64.ActiveCfg = Release|x64
		{519BBC60-2E8A-39D3-9216-927E691814E0}.MinSizeRel|x64.ActiveCfg = MinSizeRel|x64
		{519BBC60-2E8A-39D3-9216-927E691814E0}.RelWithDebInfo|x64.ActiveCfg = RelWithDebInfo|x64
		{17E44A2C-FEBF-3CCC-9D33-BC6E72CF370E}.Debug|x64.ActiveCfg = Debug|x64
		{17E44A2C-FEBF-3CCC-9D33-BC6E72CF370E}.Debug|x64.Build.0 = Debug|x64
		{17E44A2C-FEBF-3CCC-9D33-BC6E72CF370E}.Release|x64.ActiveCfg = Release|x64
		{17E44A2C-FEBF-3CCC-9D33-BC6E72CF370E}.Release|x64.Build.0 = Release|x64
		{17E44A2C-FEBF-3CCC-9D33-BC6E72CF370E}.MinSizeRel|x64.ActiveCfg = MinSizeRel|x64
		{17E44A2C-FEBF-3CCC-9D33-BC6E72CF370E}.MinSizeRel|x64.Build.0 = MinSizeRel|x64
		{17E44A2C-FEBF-3CCC-9D33-BC6E72CF370E}.RelWithDebInfo|x64.ActiveCfg = RelWithDebInfo|x64
		{17E44A2C-FEBF-3CCC-9D33-BC6E72CF370E}.RelWithDebInfo|x64.Build.0 = RelWithDebInfo|x64
		{79B98333-7F9B-318D-B04E-3EE1CBC2196E}.Debug|x64.ActiveCfg = Debug|x64
		{79B98333-7F9B-318D-B04E-3EE1CBC2196E}.Release|x64.ActiveCfg = Release|x64
		{79B98333-7F9B-318D-B04E-3EE1CBC2196E}.MinSizeRel|x64.ActiveCfg = MinSizeRel|x64
		{79B98333-7F9B-318D-B04E-3EE1CBC2196E}.RelWithDebInfo|x64.ActiveCfg = RelWithDebInfo|x64
		{5C318204-5F7E-345D-8325-37C23664903F}.Debug|x64.ActiveCfg = Debug|x64
		{5C318204-5F7E-345D-8325-37C23664903F}.Debug|x64.Build.0 = Debug|x64
		{5C318204-5F7E-345D-8325-37C23664903F}.Release|x64.ActiveCfg = Release|x64
		{5C318204-5F7E-345D-8325-37C23664903F}.Release|x64.Build.0 = Release|x64
		{5C318204-5F7E-345D-8325-37C23664903F}.MinSizeRel|x64.ActiveCfg = MinSizeRel|x64
		{5C318204-5F7E-345D-8325-37C23664903F}.MinSizeRel|x64.Build.0 = MinSizeRel|x64
		{5C318204-5F7E-345D-8325-37C23664903F}.RelWithDebInfo|x64.ActiveCfg = RelWithDebInfo|x64
		{5C318204-5F7E-345D-8325-37C23664903F}.RelWithDebInfo|x64.Build.0 = RelWithDebInfo|x64
		{964A3C6D-A193-31D4-84AD-DAF38040C2C2}.Debug|x64.ActiveCfg = Debug|x64
		{964A3C6D-A193-31D4-84AD-DAF38040C2C2}.Debug|x64.Build.0 = Debug|x64
		{964A3C6D-A193-31D4-84AD-DAF38040C2C2}.Release|x64.ActiveCfg = Release|x64
		{964A3C6D-A193-31D4-84AD-DAF38040C2C2}.Release|x64.Build.0 = Release|x64
		{964A3C6D-A193-31D4-84AD-DAF38040C2C2}.MinSizeRel|x64.ActiveCfg = MinSizeRel|x64
		{964A3C6D-A193-31D4-84AD-DAF38040C2C2}.MinSizeRel|x64.Build.0 = MinSizeRel|x64
		{964A3C6D-A193-31D4-84AD-DAF38040C2C2}.RelWithDebInfo|x64.ActiveCfg = RelWithDebInfo|x64
		{964A3C6D-A193-31D4-84AD-DAF38040C2C2}.RelWithDebInfo|x64.Build.0 = RelWithDebInfo|x64
		{EF4EB71C-FA1C-31EA-AB5F-EC1FBB7483EA}.Debug|x64.ActiveCfg = Debug|x64
		{EF4EB71C-FA1C-31EA-AB5F-EC1FBB7483EA}.Debug|x64.Build.0 = Debug|x64
		{EF4EB71C-FA1C-31EA-AB5F-EC1FBB7483EA}.Release|x64.ActiveCfg = Release|x64
		{EF4EB71C-FA1C-31EA-AB5F-EC1FBB7483EA}.Release|x64.Build.0 = Release|x64
		{EF4EB71C-FA1C-31EA-AB5F-EC1FBB7483EA}.MinSizeRel|x64.ActiveCfg = MinSizeRel|x64
		{EF4EB71C-FA1C-31EA-AB5F-EC1FBB7483EA}.MinSizeRel|x64.Build.0 = MinSizeRel|x64
		{EF4EB71C-FA1C-31EA-AB5F-EC1FBB7483EA}.RelWithDebInfo|x64.ActiveCfg = RelWithDebInfo|x64
		{EF4EB71C-FA1C-31EA-AB5F-EC1FBB7483EA}.RelWithDebInfo|x64.Build.0 = RelWithDebInfo|x64
		{A42E6B66-3702-39C5-AC63-7F16D2BABAAC}.Debug|x64.ActiveCfg = Debug|x64
		{A42E6B66-3702-39C5-AC63-7F16D2BABAAC}.Debug|x64.Build.0 = Debug|x64
		{A42E6B66-3702-39C5-AC63-7F16D2BABAAC}.Release|x64.ActiveCfg = Release|x64
		{A42E6B66-3702-39C5-AC63-7F16D2BABAAC}.Release|x64.Build.0 = Release|x64
		{A42E6B66-3702-39C5-AC63-7F16D2BABAAC}.MinSizeRel|x64.ActiveCfg = MinSizeRel|x64
		{A42E6B66-3702-39C5-AC63-7F16D2BABAAC}.MinSizeRel|x64.Build.0 = MinSizeRel|x64
		{A42E6B66-3702-39C5-AC63-7F16D2BABAAC}.RelWithDebInfo|x64.ActiveCfg = RelWithDebInfo|x64
		{A42E6B66-3702-39C5-AC63-7F16D2BABAAC}.RelWithDebInfo|x64.Build.0 = RelWithDebInfo|x64
		{F4DBB26F-EB8B-3BE4-96D9-E6F1E690B033}.Debug|x64.ActiveCfg = Debug|x64
		{F4DBB26F-EB8B-3BE4-96D9-E6F1E690B033}.Debug|x64.Build.0 = Debug|x64
		{F4DBB26F-EB8B-3BE4-96D9-E6F1E690B033}.Release|x64.ActiveCfg = Release|x64
		{F4DBB26F-EB8B-3BE4-96D9-E6F1E690B033}.Release|x64.Build.0 = Release|x64
		{F4DBB26F-EB8B-3BE4-96D9-E6F1E690B033}.MinSizeRel|x64.ActiveCfg = MinSizeRel|x64
		{F4DBB26F-EB8B-3BE4-96D9-E6F1E690B033}.MinSizeRel|x64.Build.0 = MinSizeRel|x64
		{F4DBB26F-EB8B-3BE4-96D9-E6F1E690B033}.RelWithDebInfo|x64.ActiveCfg = RelWithDebInfo|x64
		{F4DBB26F-EB8B-3BE4-96D9-E6F1E690B033}.RelWithDebInfo|x64.Build.0 = RelWithDebInfo|x64
		{CE0CC1BD-D035-3224-8DF0-37C2777D9E1F}.Debug|x64.ActiveCfg = Debug|x64
		{CE0CC1BD-D035-3224-8DF0-37C2777D9E1F}.Debug|x64.Build.0 = Debug|x64
		{CE0CC1BD-D035-3224-8DF0-37C2777D9E1F}.Release|x64.ActiveCfg = Release|x64
		{CE0CC1BD-D035-3224-8DF0-37C2777D9E1F}.Release|x64.Build.0 = Release|x64
		{CE0CC1BD-D035-3224-8DF0-37C2777D9E1F}.MinSizeRel|x64.ActiveCfg = MinSizeRel|x64
		{CE0CC1BD-D035-3224-8DF0-37C2777D9E1F}.MinSizeRel|x64.Build.0 = MinSizeRel|x64
		{CE0CC1BD-D035-3224-8DF0-37C2777D9E1F}.RelWithDebInfo|x64.ActiveCfg = RelWithDebInfo|x64
		{CE0CC1BD-D035-3224-8DF0-37C2777D9E1F}.RelWithDebInfo|x64.Build.0 = RelWithDebInfo|x64
		{C3F0AC4C-9B04-3DE1-BFFB-8928E89DDE11}.Debug|x64.ActiveCfg = Debug|x64
		{C3F0AC4C-9B04-3DE1-BFFB-8928E89DDE11}.Debug|x64.Build.0 = Debug|x64
		{C3F0AC4C-9B04-3DE1-BFFB-8928E89DDE11}.Release|x64.ActiveCfg = Release|x64
		{C3F0AC4C-9B04-3DE1-BFFB-8928E89DDE11}.Release|x64.Build.0 = Release|x64
		{C3F0AC4C-9B04-3DE1-BFFB-8928E89DDE11}.MinSizeRel|x64.ActiveCfg = MinSizeRel|x64
		{C3F0AC4C-9B04-3DE1-BFFB-8928E89DDE11}.MinSizeRel|x64.Build.0 = MinSizeRel|x64
		{C3F0AC4C-9B04-3DE1-BFFB-8928E89DDE11}.RelWithDebInfo|x64.ActiveCfg = RelWithDebInfo|x64
		{C3F0AC4C-9B04-3DE1-BFFB-8928E89DDE11}.RelWithDebInfo|x64.Build.0 = RelWithDebInfo|x64
		{CF26FD2B-1FDB-32AF-BF41-6A77E58E8EF3}.Debug|x64.ActiveCfg = Debug|x64
		{CF26FD2B-1FDB-32AF-BF41-6A77E58E8EF3}.Debug|x64.Build.0 = Debug|x64
		{CF26FD2B-1FDB-32AF-BF41-6A77E58E8EF3}.Release|x64.ActiveCfg = Release|x64
		{CF26FD2B-1FDB-32AF-BF41-6A77E58E8EF3}.Release|x64.Build.0 = Release|x64
		{CF26FD2B-1FDB-32AF-BF41-6A77E58E8EF3}.MinSizeRel|x64.ActiveCfg = MinSizeRel|x64
		{CF26FD2B-1FDB-32AF-BF41-6A77E58E8EF3}.MinSizeRel|x64.Build.0 = MinSizeRel|x64
		{CF26FD2B-1FDB-32AF-BF41-6A77E58E8EF3}.RelWithDebInfo|x64.ActiveCfg = RelWithDebInfo|x64
		{CF26FD2B-1FDB-32AF-BF41-6A77E58E8EF3}.RelWithDebInfo|x64.Build.0 = RelWithDebInfo|x64
	EndGlobalSection
	GlobalSection(ExtensibilityGlobals) = postSolution
		SolutionGuid = {022225EC-A0CA-3302-B189-C41FC12D3754}
	EndGlobalSection
	GlobalSection(ExtensibilityAddIns) = postSolution
	EndGlobalSection
EndGlobal
